hash: f65237d0f517f4dd2284f6b5542edb4ad627588963fc69b45a5f45eb90acf7d0
updated: 2020-04-23T02:37:06.1536429+05:00
imports:
- name: github.com/bradhe/stopwatch
  version: a58cccc508eab60c0098e12897b5f31e897fd108
- name: github.com/BurntSushi/toml
  version: 3012a1dbe2e4bd1391d42b32f0577cb7bbc7f005
- name: github.com/dgrijalva/jwt-go
  version: dc14462fd58732591c7fa58cc8496d6824316a82
- name: github.com/gorilla/mux
  version: 75dcda0896e109a2a22c9315bca3bb21b87b2ba5
- name: github.com/influxdata/influxdb1-client
  version: 8bf82d3c094dc06be9da8e5bf9d3589b6ea032ae
  subpackages:
  - models
  - pkg/escape
  - v2
- name: github.com/jinzhu/configor
  version: f52abb230c951b14a04e8515ca4e248be7690321
- name: github.com/jinzhu/gorm
  version: 7ea143b5484fe28148d5c73cfd43b26e8a89c94e
  subpackages:
  - dialects/sqlite
- name: github.com/jinzhu/inflection
  version: 196e6ce06ca4513fbcfcbc35dc15f66074df47c9
- name: github.com/konsorten/go-windows-terminal-sequences
  version: f55edac94c9bbba5d6182a4be46d86a2c9b5b50e
- name: github.com/mattn/go-sqlite3
  version: 98a44bcf5949f178c8116fa30e62c9ac2ef65927
- name: github.com/satori/go.uuid
  version: b2ce2384e17bbe0c6d34077efa39dbab3e09123b
- name: github.com/sirupsen/logrus
  version: 91ef3ab5d512bff80650991a0291c9ad8ebe2219
- name: github.com/SkyrisBactera/pkill
  version: 7e98e0d2ca924b4a1d6282ac390a62dd3755b985
- name: github.com/valyala/gorpc
  version: 908281bef77441f2d0ec1792189b4032a1dace0c
- name: go.uber.org/atomic
  version: 845920076a298bdb984fb0f1b86052e4ca0a281c
- name: go.uber.org/multierr
  version: b587143a48b62b01d337824eab43700af6ffe222
- name: go.uber.org/zap
  version: 46939fcb20fb0e823f3e82ef197a9ee84be79bc3
  subpackages:
  - buffer
  - internal/bufferpool
  - internal/color
  - internal/exit
  - zapcore
- name: golang.org/x/crypto
  version: 44a6062868251b249d52ec1c39797568f724bdca
  subpackages:
  - blowfish
  - chacha20
  - curve25519
  - ed25519
  - ed25519/internal/edwards25519
  - internal/subtle
  - poly1305
  - ssh
  - ssh/internal/bcrypt_pbkdf
- name: golang.org/x/sys
  version: 1957bb5e6d1f523308b49060df02171d06ddfc77
  subpackages:
  - cpu
  - unix
- name: gopkg.in/yaml.v2
  version: 53403b58ad1b561927d19068c655246f2db79d48
testImports: []
