# This file is autogenerated, do not edit; changes may be undone by the next 'dep ensure'.


[[projects]]
  digest = "1:9f3b30d9f8e0d7040f729b82dcbc8f0dead820a133b3147ce355fc451f32d761"
  name = "github.com/BurntSushi/toml"
  packages = ["."]
  pruneopts = "UT"
  revision = "3012a1dbe2e4bd1391d42b32f0577cb7bbc7f005"
  version = "v0.3.1"

[[projects]]
  branch = "master"
  digest = "1:ea287d5fbf835b3f18214c45a91a3df7f6d4cab7a49c51e0f784f8ef4c921721"
  name = "github.com/SkyrisBactera/pkill"
  packages = ["."]
  pruneopts = "UT"
  revision = "7e98e0d2ca924b4a1d6282ac390a62dd3755b985"

[[projects]]
  branch = "master"
  digest = "1:f2e5506d7c193402ab511bb57a1a22287b655feaf83e018ae96900fc2253c037"
  name = "github.com/bradhe/stopwatch"
  packages = ["."]
  pruneopts = "UT"
  revision = "a58cccc508eab60c0098e12897b5f31e897fd108"

[[projects]]
  branch = "master"
  digest = "1:283c2e79f34b41f444d14c2b7a3cc458d3ff18736e502832eac0a407ebfe6263"
  name = "github.com/dgrijalva/jwt-go"
  packages = ["."]
  pruneopts = "UT"
  revision = "dc14462fd58732591c7fa58cc8496d6824316a82"

[[projects]]
  digest = "1:25ebe6496abb289ef977c081b2d49f56dd97c32db4ca083d37f95923909ced02"
  name = "github.com/gorilla/mux"
  packages = ["."]
  pruneopts = "UT"
  revision = "75dcda0896e109a2a22c9315bca3bb21b87b2ba5"
  version = "v1.7.4"

[[projects]]
  branch = "master"
  digest = "1:94e89f43f6e3679b986c1962def6d494acbfa7864e480fe04bc572f011619c5d"
  name = "github.com/influxdata/influxdb1-client"
  packages = [
    ".",
    "models",
    "pkg/escape",
    "v2",
  ]
  pruneopts = "UT"
  revision = "8bf82d3c094dc06be9da8e5bf9d3589b6ea032ae"

[[projects]]
  digest = "1:6badb17f9fa52d93054ab8b282a5f8776b17a2bc3b862f84444a57fceb23cc46"
  name = "github.com/jinzhu/configor"
  packages = ["."]
  pruneopts = "UT"
  revision = "f52abb230c951b14a04e8515ca4e248be7690321"
  version = "v1.1.1"

[[projects]]
  branch = "master"
  digest = "1:56c470045301429b150fcd5f7359a4987347255be1e6c0bc1b23cd25230ed639"
  name = "github.com/jinzhu/gorm"
  packages = [
    ".",
    "dialects/sqlite",
  ]
  pruneopts = "UT"
  revision = "7ea143b5484fe28148d5c73cfd43b26e8a89c94e"

[[projects]]
  branch = "master"
  digest = "1:49991e4589209175f5e4613022b9a93cb169e6ac2d93b75446a6b5dae8bc6bfa"
  name = "github.com/jinzhu/inflection"
  packages = ["."]
  pruneopts = "UT"
  revision = "196e6ce06ca4513fbcfcbc35dc15f66074df47c9"

[[projects]]
  digest = "1:31e761d97c76151dde79e9d28964a812c46efc5baee4085b86f68f0c654450de"
  name = "github.com/konsorten/go-windows-terminal-sequences"
  packages = ["."]
  pruneopts = "UT"
  revision = "f55edac94c9bbba5d6182a4be46d86a2c9b5b50e"
  version = "v1.0.2"

[[projects]]
  branch = "master"
  digest = "1:af2f90219f05ee54fc32c9246a60db9b38a796cf23347dc2b43c7765fa4a31e6"
  name = "github.com/mattn/go-sqlite3"
  packages = ["."]
  pruneopts = "UT"
  revision = "98a44bcf5949f178c8116fa30e62c9ac2ef65927"

[[projects]]
  branch = "master"
  digest = "1:a3b8912deeef29007fab9a13a9f21b9e9b59c621a2ed61e2fe7b37320a71fbd5"
  name = "github.com/satori/go.uuid"
  packages = ["."]
  pruneopts = "UT"
  revision = "b2ce2384e17bbe0c6d34077efa39dbab3e09123b"

[[projects]]
  branch = "master"
  digest = "1:096a0a075c565e81cdc9eebbcb088eccbf8dc0e77fe20a1fbcfdcf2c5949b922"
  name = "github.com/sirupsen/logrus"
  packages = ["."]
  pruneopts = "UT"
  revision = "91ef3ab5d512bff80650991a0291c9ad8ebe2219"

[[projects]]
  branch = "master"
  digest = "1:aabadb0a85a4748abe989ad7d1a873c9b701482ef554badb6d0e20f6fd87ac55"
  name = "github.com/valyala/gorpc"
  packages = ["."]
  pruneopts = "UT"
  revision = "908281bef77441f2d0ec1792189b4032a1dace0c"

[[projects]]
  digest = "1:19525e48b45af69339bd7c2812137dbd1e650a78fc09c7c75482e307d51aa28d"
  name = "go.uber.org/atomic"
  packages = ["."]
  pruneopts = "UT"
  revision = "845920076a298bdb984fb0f1b86052e4ca0a281c"
  version = "v1.6.0"

[[projects]]
  digest = "1:a23ddd39502ba94e2a72815a946d0edec801defcf0a0c0530d04acee1f455128"
  name = "go.uber.org/multierr"
  packages = ["."]
  pruneopts = "UT"
  revision = "b587143a48b62b01d337824eab43700af6ffe222"
  version = "v1.5.0"

[[projects]]
  branch = "master"
  digest = "1:537eff163826ae941211912c9bd144b3cfced4590dcdfafaed0c89185143be25"
  name = "go.uber.org/zap"
  packages = [
    ".",
    "buffer",
    "internal/bufferpool",
    "internal/color",
    "internal/exit",
    "zapcore",
  ]
  pruneopts = "UT"
  revision = "46939fcb20fb0e823f3e82ef197a9ee84be79bc3"

[[projects]]
  branch = "master"
  digest = "1:4168a3107eb1552bc60a76647c6c05f67e6b9cd98d955416ce2bb6cd71e6e2e0"
  name = "golang.org/x/crypto"
  packages = [
    "blowfish",
    "chacha20",
    "curve25519",
    "ed25519",
    "ed25519/internal/edwards25519",
    "internal/subtle",
    "poly1305",
    "ssh",
    "ssh/internal/bcrypt_pbkdf",
  ]
  pruneopts = "UT"
  revision = "44a6062868251b249d52ec1c39797568f724bdca"

[[projects]]
  branch = "master"
  digest = "1:c73fc47a43a9a69f82c3c708032db58320e03af3fe178ebab8e2045c47c1356a"
  name = "golang.org/x/sys"
  packages = [
    "cpu",
    "unix",
  ]
  pruneopts = "UT"
  revision = "1957bb5e6d1f523308b49060df02171d06ddfc77"

[[projects]]
  digest = "1:55b110c99c5fdc4f14930747326acce56b52cfce60b24b1c03ef686ac0e46bb1"
  name = "gopkg.in/yaml.v2"
  packages = ["."]
  pruneopts = "UT"
  revision = "53403b58ad1b561927d19068c655246f2db79d48"
  version = "v2.2.8"

[solve-meta]
  analyzer-name = "dep"
  analyzer-version = 1
  input-imports = [
    "github.com/SkyrisBactera/pkill",
    "github.com/bradhe/stopwatch",
    "github.com/dgrijalva/jwt-go",
    "github.com/gorilla/mux",
    "github.com/influxdata/influxdb1-client",
    "github.com/influxdata/influxdb1-client/v2",
    "github.com/jinzhu/configor",
    "github.com/jinzhu/gorm",
    "github.com/jinzhu/gorm/dialects/sqlite",
    "github.com/satori/go.uuid",
    "github.com/sirupsen/logrus",
    "github.com/valyala/gorpc",
    "go.uber.org/zap",
    "golang.org/x/crypto/ssh",
    "gopkg.in/yaml.v2",
  ]
  solver-name = "gps-cdcl"
  solver-version = 1
